
Microsoft Visual Studio Solution File, Format Version 12.00
# Visual Studio 14
VisualStudioVersion = 14.0.25420.1
MinimumVisualStudioVersion = 10.0.40219.1
Project("{FAE04EC0-301F-11D3-BF4B-00C04F79EFBC}") = "Workshop", "Workshop\Workshop.csproj", "{505EEAF7-35CC-4379-8755-E969363CE3BD}"
EndProject
Global
	GlobalSection(SolutionConfigurationPlatforms) = preSolution
		Debug|Any CPU = Debug|Any CPU
		Release|Any CPU = Release|Any CPU
	EndGlobalSection
	GlobalSection(ProjectConfigurationPlatforms) = postSolution
		{505EEAF7-35CC-4379-8755-E969363CE3BD}.Debug|Any CPU.ActiveCfg = Debug|Any CPU
		{505EEAF7-35CC-4379-8755-E969363CE3BD}.Debug|Any CPU.Build.0 = Debug|Any CPU
		{505EEAF7-35CC-4379-8755-E969363CE3BD}.Release|Any CPU.ActiveCfg = Release|Any CPU
		{505EEAF7-35CC-4379-8755-E969363CE3BD}.Release|Any CPU.Build.0 = Release|Any CPU
	EndGlobalSection
	GlobalSection(SolutionProperties) = preSolution
		HideSolutionNode = FALSE
	EndGlobalSection
	GlobalSection(CodealikeProperties) = postSolution
		SolutionGuid = 8a6cba7a-8a67-42f8-9e55-b298ad98d532
	EndGlobalSection
EndGlobal
